
Microsoft Visual Studio Solution File, Format Version 12.00
# Visual Studio 14
VisualStudioVersion = 14.0.24720.0
MinimumVisualStudioVersion = 10.0.40219.1
Project("{FAE04EC0-301F-11D3-BF4B-00C04F79EFBC}") = "TimeView.data", "TimeView.data\TimeView.data.csproj", "{57841A83-B2EE-45A9-98DD-1755CC81EE43}"
EndProject
Project("{FAE04EC0-301F-11D3-BF4B-00C04F79EFBC}") = "TimeView.api", "TimeView.api\TimeView.api.csproj", "{983EA965-78BE-47E2-B0C2-95298C745600}"
EndProject
Project("{FAE04EC0-301F-11D3-BF4B-00C04F79EFBC}") = "TimeView.wpf", "TimeView.wpf\TimeView.wpf.csproj", "{1D3AF6F8-BCC6-49B5-BFD1-6B76026B3E0A}"
EndProject
Project("{FAE04EC0-301F-11D3-BF4B-00C04F79EFBC}") = "TimeView.web", "TimeView.web\TimeView.web.csproj", "{D7D184C6-736F-4EA5-B4F3-7A9BA9698112}"
EndProject
Project("{FAE04EC0-301F-11D3-BF4B-00C04F79EFBC}") = "TimeView.domain", "TimeView.domain\TimeView.domain.csproj", "{E5997C1E-A269-4B1D-BD15-55878A8D5430}"
EndProject
Global
	GlobalSection(SolutionConfigurationPlatforms) = preSolution
		Ad-Hoc|Any CPU = Ad-Hoc|Any CPU
		Ad-Hoc|ARM = Ad-Hoc|ARM
		Ad-Hoc|iPhone = Ad-Hoc|iPhone
		Ad-Hoc|iPhoneSimulator = Ad-Hoc|iPhoneSimulator
		Ad-Hoc|x86 = Ad-Hoc|x86
		AppStore|Any CPU = AppStore|Any CPU
		AppStore|ARM = AppStore|ARM
		AppStore|iPhone = AppStore|iPhone
		AppStore|iPhoneSimulator = AppStore|iPhoneSimulator
		AppStore|x86 = AppStore|x86
		Debug|Any CPU = Debug|Any CPU
		Debug|ARM = Debug|ARM
		Debug|iPhone = Debug|iPhone
		Debug|iPhoneSimulator = Debug|iPhoneSimulator
		Debug|x86 = Debug|x86
		Release|Any CPU = Release|Any CPU
		Release|ARM = Release|ARM
		Release|iPhone = Release|iPhone
		Release|iPhoneSimulator = Release|iPhoneSimulator
		Release|x86 = Release|x86
	EndGlobalSection
	GlobalSection(ProjectConfigurationPlatforms) = postSolution
		{57841A83-B2EE-45A9-98DD-1755CC81EE43}.Ad-Hoc|Any CPU.ActiveCfg = Release|Any CPU
		{57841A83-B2EE-45A9-98DD-1755CC81EE43}.Ad-Hoc|Any CPU.Build.0 = Release|Any CPU
		{57841A83-B2EE-45A9-98DD-1755CC81EE43}.Ad-Hoc|ARM.ActiveCfg = Release|Any CPU
		{57841A83-B2EE-45A9-98DD-1755CC81EE43}.Ad-Hoc|ARM.Build.0 = Release|Any CPU
		{57841A83-B2EE-45A9-98DD-1755CC81EE43}.Ad-Hoc|iPhone.ActiveCfg = Release|Any CPU
		{57841A83-B2EE-45A9-98DD-1755CC81EE43}.Ad-Hoc|iPhone.Build.0 = Release|Any CPU
		{57841A83-B2EE-45A9-98DD-1755CC81EE43}.Ad-Hoc|iPhoneSimulator.ActiveCfg = Release|Any CPU
		{57841A83-B2EE-45A9-98DD-1755CC81EE43}.Ad-Hoc|iPhoneSimulator.Build.0 = Release|Any CPU
		{57841A83-B2EE-45A9-98DD-1755CC81EE43}.Ad-Hoc|x86.ActiveCfg = Release|Any CPU
		{57841A83-B2EE-45A9-98DD-1755CC81EE43}.Ad-Hoc|x86.Build.0 = Release|Any CPU
		{57841A83-B2EE-45A9-98DD-1755CC81EE43}.AppStore|Any CPU.ActiveCfg = Release|Any CPU
		{57841A83-B2EE-45A9-98DD-1755CC81EE43}.AppStore|Any CPU.Build.0 = Release|Any CPU
		{57841A83-B2EE-45A9-98DD-1755CC81EE43}.AppStore|ARM.ActiveCfg = Release|Any CPU
		{57841A83-B2EE-45A9-98DD-1755CC81EE43}.AppStore|ARM.Build.0 = Release|Any CPU
		{57841A83-B2EE-45A9-98DD-1755CC81EE43}.AppStore|iPhone.ActiveCfg = Release|Any CPU
		{57841A83-B2EE-45A9-98DD-1755CC81EE43}.AppStore|iPhone.Build.0 = Release|Any CPU
		{57841A83-B2EE-45A9-98DD-1755CC81EE43}.AppStore|iPhoneSimulator.ActiveCfg = Release|Any CPU
		{57841A83-B2EE-45A9-98DD-1755CC81EE43}.AppStore|iPhoneSimulator.Build.0 = Release|Any CPU
		{57841A83-B2EE-45A9-98DD-1755CC81EE43}.AppStore|x86.ActiveCfg = Release|Any CPU
		{57841A83-B2EE-45A9-98DD-1755CC81EE43}.AppStore|x86.Build.0 = Release|Any CPU
		{57841A83-B2EE-45A9-98DD-1755CC81EE43}.Debug|Any CPU.ActiveCfg = Debug|Any CPU
		{57841A83-B2EE-45A9-98DD-1755CC81EE43}.Debug|Any CPU.Build.0 = Debug|Any CPU
		{57841A83-B2EE-45A9-98DD-1755CC81EE43}.Debug|ARM.ActiveCfg = Debug|Any CPU
		{57841A83-B2EE-45A9-98DD-1755CC81EE43}.Debug|ARM.Build.0 = Debug|Any CPU
		{57841A83-B2EE-45A9-98DD-1755CC81EE43}.Debug|iPhone.ActiveCfg = Debug|Any CPU
		{57841A83-B2EE-45A9-98DD-1755CC81EE43}.Debug|iPhone.Build.0 = Debug|Any CPU
		{57841A83-B2EE-45A9-98DD-1755CC81EE43}.Debug|iPhoneSimulator.ActiveCfg = Debug|Any CPU
		{57841A83-B2EE-45A9-98DD-1755CC81EE43}.Debug|iPhoneSimulator.Build.0 = Debug|Any CPU
		{57841A83-B2EE-45A9-98DD-1755CC81EE43}.Debug|x86.ActiveCfg = Debug|Any CPU
		{57841A83-B2EE-45A9-98DD-1755CC81EE43}.Debug|x86.Build.0 = Debug|Any CPU
		{57841A83-B2EE-45A9-98DD-1755CC81EE43}.Release|Any CPU.ActiveCfg = Release|Any CPU
		{57841A83-B2EE-45A9-98DD-1755CC81EE43}.Release|Any CPU.Build.0 = Release|Any CPU
		{57841A83-B2EE-45A9-98DD-1755CC81EE43}.Release|ARM.ActiveCfg = Release|Any CPU
		{57841A83-B2EE-45A9-98DD-1755CC81EE43}.Release|ARM.Build.0 = Release|Any CPU
		{57841A83-B2EE-45A9-98DD-1755CC81EE43}.Release|iPhone.ActiveCfg = Release|Any CPU
		{57841A83-B2EE-45A9-98DD-1755CC81EE43}.Release|iPhone.Build.0 = Release|Any CPU
		{57841A83-B2EE-45A9-98DD-1755CC81EE43}.Release|iPhoneSimulator.ActiveCfg = Release|Any CPU
		{57841A83-B2EE-45A9-98DD-1755CC81EE43}.Release|iPhoneSimulator.Build.0 = Release|Any CPU
		{57841A83-B2EE-45A9-98DD-1755CC81EE43}.Release|x86.ActiveCfg = Release|Any CPU
		{57841A83-B2EE-45A9-98DD-1755CC81EE43}.Release|x86.Build.0 = Release|Any CPU
		{983EA965-78BE-47E2-B0C2-95298C745600}.Ad-Hoc|Any CPU.ActiveCfg = Release|Any CPU
		{983EA965-78BE-47E2-B0C2-95298C745600}.Ad-Hoc|Any CPU.Build.0 = Release|Any CPU
		{983EA965-78BE-47E2-B0C2-95298C745600}.Ad-Hoc|ARM.ActiveCfg = Release|Any CPU
		{983EA965-78BE-47E2-B0C2-95298C745600}.Ad-Hoc|ARM.Build.0 = Release|Any CPU
		{983EA965-78BE-47E2-B0C2-95298C745600}.Ad-Hoc|iPhone.ActiveCfg = Release|Any CPU
		{983EA965-78BE-47E2-B0C2-95298C745600}.Ad-Hoc|iPhone.Build.0 = Release|Any CPU
		{983EA965-78BE-47E2-B0C2-95298C745600}.Ad-Hoc|iPhoneSimulator.ActiveCfg = Release|Any CPU
		{983EA965-78BE-47E2-B0C2-95298C745600}.Ad-Hoc|iPhoneSimulator.Build.0 = Release|Any CPU
		{983EA965-78BE-47E2-B0C2-95298C745600}.Ad-Hoc|x86.ActiveCfg = Release|Any CPU
		{983EA965-78BE-47E2-B0C2-95298C745600}.Ad-Hoc|x86.Build.0 = Release|Any CPU
		{983EA965-78BE-47E2-B0C2-95298C745600}.AppStore|Any CPU.ActiveCfg = Release|Any CPU
		{983EA965-78BE-47E2-B0C2-95298C745600}.AppStore|Any CPU.Build.0 = Release|Any CPU
		{983EA965-78BE-47E2-B0C2-95298C745600}.AppStore|ARM.ActiveCfg = Release|Any CPU
		{983EA965-78BE-47E2-B0C2-95298C745600}.AppStore|ARM.Build.0 = Release|Any CPU
		{983EA965-78BE-47E2-B0C2-95298C745600}.AppStore|iPhone.ActiveCfg = Release|Any CPU
		{983EA965-78BE-47E2-B0C2-95298C745600}.AppStore|iPhone.Build.0 = Release|Any CPU
		{983EA965-78BE-47E2-B0C2-95298C745600}.AppStore|iPhoneSimulator.ActiveCfg = Release|Any CPU
		{983EA965-78BE-47E2-B0C2-95298C745600}.AppStore|iPhoneSimulator.Build.0 = Release|Any CPU
		{983EA965-78BE-47E2-B0C2-95298C745600}.AppStore|x86.ActiveCfg = Release|Any CPU
		{983EA965-78BE-47E2-B0C2-95298C745600}.AppStore|x86.Build.0 = Release|Any CPU
		{983EA965-78BE-47E2-B0C2-95298C745600}.Debug|Any CPU.ActiveCfg = Debug|Any CPU
		{983EA965-78BE-47E2-B0C2-95298C745600}.Debug|Any CPU.Build.0 = Debug|Any CPU
		{983EA965-78BE-47E2-B0C2-95298C745600}.Debug|ARM.ActiveCfg = Debug|Any CPU
		{983EA965-78BE-47E2-B0C2-95298C745600}.Debug|ARM.Build.0 = Debug|Any CPU
		{983EA965-78BE-47E2-B0C2-95298C745600}.Debug|iPhone.ActiveCfg = Debug|Any CPU
		{983EA965-78BE-47E2-B0C2-95298C745600}.Debug|iPhone.Build.0 = Debug|Any CPU
		{983EA965-78BE-47E2-B0C2-95298C745600}.Debug|iPhoneSimulator.ActiveCfg = Debug|Any CPU
		{983EA965-78BE-47E2-B0C2-95298C745600}.Debug|iPhoneSimulator.Build.0 = Debug|Any CPU
		{983EA965-78BE-47E2-B0C2-95298C745600}.Debug|x86.ActiveCfg = Debug|Any CPU
		{983EA965-78BE-47E2-B0C2-95298C745600}.Debug|x86.Build.0 = Debug|Any CPU
		{983EA965-78BE-47E2-B0C2-95298C745600}.Release|Any CPU.ActiveCfg = Release|Any CPU
		{983EA965-78BE-47E2-B0C2-95298C745600}.Release|Any CPU.Build.0 = Release|Any CPU
		{983EA965-78BE-47E2-B0C2-95298C745600}.Release|ARM.ActiveCfg = Release|Any CPU
		{983EA965-78BE-47E2-B0C2-95298C745600}.Release|ARM.Build.0 = Release|Any CPU
		{983EA965-78BE-47E2-B0C2-95298C745600}.Release|iPhone.ActiveCfg = Release|Any CPU
		{983EA965-78BE-47E2-B0C2-95298C745600}.Release|iPhone.Build.0 = Release|Any CPU
		{983EA965-78BE-47E2-B0C2-95298C745600}.Release|iPhoneSimulator.ActiveCfg = Release|Any CPU
		{983EA965-78BE-47E2-B0C2-95298C745600}.Release|iPhoneSimulator.Build.0 = Release|Any CPU
		{983EA965-78BE-47E2-B0C2-95298C745600}.Release|x86.ActiveCfg = Release|Any CPU
		{983EA965-78BE-47E2-B0C2-95298C745600}.Release|x86.Build.0 = Release|Any CPU
		{1D3AF6F8-BCC6-49B5-BFD1-6B76026B3E0A}.Ad-Hoc|Any CPU.ActiveCfg = Release|Any CPU
		{1D3AF6F8-BCC6-49B5-BFD1-6B76026B3E0A}.Ad-Hoc|Any CPU.Build.0 = Release|Any CPU
		{1D3AF6F8-BCC6-49B5-BFD1-6B76026B3E0A}.Ad-Hoc|ARM.ActiveCfg = Release|Any CPU
		{1D3AF6F8-BCC6-49B5-BFD1-6B76026B3E0A}.Ad-Hoc|ARM.Build.0 = Release|Any CPU
		{1D3AF6F8-BCC6-49B5-BFD1-6B76026B3E0A}.Ad-Hoc|iPhone.ActiveCfg = Release|Any CPU
		{1D3AF6F8-BCC6-49B5-BFD1-6B76026B3E0A}.Ad-Hoc|iPhone.Build.0 = Release|Any CPU
		{1D3AF6F8-BCC6-49B5-BFD1-6B76026B3E0A}.Ad-Hoc|iPhoneSimulator.ActiveCfg = Release|Any CPU
		{1D3AF6F8-BCC6-49B5-BFD1-6B76026B3E0A}.Ad-Hoc|iPhoneSimulator.Build.0 = Release|Any CPU
		{1D3AF6F8-BCC6-49B5-BFD1-6B76026B3E0A}.Ad-Hoc|x86.ActiveCfg = Release|Any CPU
		{1D3AF6F8-BCC6-49B5-BFD1-6B76026B3E0A}.Ad-Hoc|x86.Build.0 = Release|Any CPU
		{1D3AF6F8-BCC6-49B5-BFD1-6B76026B3E0A}.AppStore|Any CPU.ActiveCfg = Release|Any CPU
		{1D3AF6F8-BCC6-49B5-BFD1-6B76026B3E0A}.AppStore|Any CPU.Build.0 = Release|Any CPU
		{1D3AF6F8-BCC6-49B5-BFD1-6B76026B3E0A}.AppStore|ARM.ActiveCfg = Release|Any CPU
		{1D3AF6F8-BCC6-49B5-BFD1-6B76026B3E0A}.AppStore|ARM.Build.0 = Release|Any CPU
		{1D3AF6F8-BCC6-49B5-BFD1-6B76026B3E0A}.AppStore|iPhone.ActiveCfg = Release|Any CPU
		{1D3AF6F8-BCC6-49B5-BFD1-6B76026B3E0A}.AppStore|iPhone.Build.0 = Release|Any CPU
		{1D3AF6F8-BCC6-49B5-BFD1-6B76026B3E0A}.AppStore|iPhoneSimulator.ActiveCfg = Release|Any CPU
		{1D3AF6F8-BCC6-49B5-BFD1-6B76026B3E0A}.AppStore|iPhoneSimulator.Build.0 = Release|Any CPU
		{1D3AF6F8-BCC6-49B5-BFD1-6B76026B3E0A}.AppStore|x86.ActiveCfg = Release|Any CPU
		{1D3AF6F8-BCC6-49B5-BFD1-6B76026B3E0A}.AppStore|x86.Build.0 = Release|Any CPU
		{1D3AF6F8-BCC6-49B5-BFD1-6B76026B3E0A}.Debug|Any CPU.ActiveCfg = Debug|Any CPU
		{1D3AF6F8-BCC6-49B5-BFD1-6B76026B3E0A}.Debug|Any CPU.Build.0 = Debug|Any CPU
		{1D3AF6F8-BCC6-49B5-BFD1-6B76026B3E0A}.Debug|ARM.ActiveCfg = Debug|Any CPU
		{1D3AF6F8-BCC6-49B5-BFD1-6B76026B3E0A}.Debug|ARM.Build.0 = Debug|Any CPU
		{1D3AF6F8-BCC6-49B5-BFD1-6B76026B3E0A}.Debug|iPhone.ActiveCfg = Debug|Any CPU
		{1D3AF6F8-BCC6-49B5-BFD1-6B76026B3E0A}.Debug|iPhone.Build.0 = Debug|Any CPU
		{1D3AF6F8-BCC6-49B5-BFD1-6B76026B3E0A}.Debug|iPhoneSimulator.ActiveCfg = Debug|Any CPU
		{1D3AF6F8-BCC6-49B5-BFD1-6B76026B3E0A}.Debug|iPhoneSimulator.Build.0 = Debug|Any CPU
		{1D3AF6F8-BCC6-49B5-BFD1-6B76026B3E0A}.Debug|x86.ActiveCfg = Debug|Any CPU
		{1D3AF6F8-BCC6-49B5-BFD1-6B76026B3E0A}.Debug|x86.Build.0 = Debug|Any CPU
		{1D3AF6F8-BCC6-49B5-BFD1-6B76026B3E0A}.Release|Any CPU.ActiveCfg = Release|Any CPU
		{1D3AF6F8-BCC6-49B5-BFD1-6B76026B3E0A}.Release|Any CPU.Build.0 = Release|Any CPU
		{1D3AF6F8-BCC6-49B5-BFD1-6B76026B3E0A}.Release|ARM.ActiveCfg = Release|Any CPU
		{1D3AF6F8-BCC6-49B5-BFD1-6B76026B3E0A}.Release|ARM.Build.0 = Release|Any CPU
		{1D3AF6F8-BCC6-49B5-BFD1-6B76026B3E0A}.Release|iPhone.ActiveCfg = Release|Any CPU
		{1D3AF6F8-BCC6-49B5-BFD1-6B76026B3E0A}.Release|iPhone.Build.0 = Release|Any CPU
		{1D3AF6F8-BCC6-49B5-BFD1-6B76026B3E0A}.Release|iPhoneSimulator.ActiveCfg = Release|Any CPU
		{1D3AF6F8-BCC6-49B5-BFD1-6B76026B3E0A}.Release|iPhoneSimulator.Build.0 = Release|Any CPU
		{1D3AF6F8-BCC6-49B5-BFD1-6B76026B3E0A}.Release|x86.ActiveCfg = Release|Any CPU
		{1D3AF6F8-BCC6-49B5-BFD1-6B76026B3E0A}.Release|x86.Build.0 = Release|Any CPU
		{D7D184C6-736F-4EA5-B4F3-7A9BA9698112}.Ad-Hoc|Any CPU.ActiveCfg = Release|Any CPU
		{D7D184C6-736F-4EA5-B4F3-7A9BA9698112}.Ad-Hoc|Any CPU.Build.0 = Release|Any CPU
		{D7D184C6-736F-4EA5-B4F3-7A9BA9698112}.Ad-Hoc|ARM.ActiveCfg = Release|Any CPU
		{D7D184C6-736F-4EA5-B4F3-7A9BA9698112}.Ad-Hoc|ARM.Build.0 = Release|Any CPU
		{D7D184C6-736F-4EA5-B4F3-7A9BA9698112}.Ad-Hoc|iPhone.ActiveCfg = Release|Any CPU
		{D7D184C6-736F-4EA5-B4F3-7A9BA9698112}.Ad-Hoc|iPhone.Build.0 = Release|Any CPU
		{D7D184C6-736F-4EA5-B4F3-7A9BA9698112}.Ad-Hoc|iPhoneSimulator.ActiveCfg = Release|Any CPU
		{D7D184C6-736F-4EA5-B4F3-7A9BA9698112}.Ad-Hoc|iPhoneSimulator.Build.0 = Release|Any CPU
		{D7D184C6-736F-4EA5-B4F3-7A9BA9698112}.Ad-Hoc|x86.ActiveCfg = Release|Any CPU
		{D7D184C6-736F-4EA5-B4F3-7A9BA9698112}.Ad-Hoc|x86.Build.0 = Release|Any CPU
		{D7D184C6-736F-4EA5-B4F3-7A9BA9698112}.AppStore|Any CPU.ActiveCfg = Release|Any CPU
		{D7D184C6-736F-4EA5-B4F3-7A9BA9698112}.AppStore|Any CPU.Build.0 = Release|Any CPU
		{D7D184C6-736F-4EA5-B4F3-7A9BA9698112}.AppStore|ARM.ActiveCfg = Release|Any CPU
		{D7D184C6-736F-4EA5-B4F3-7A9BA9698112}.AppStore|ARM.Build.0 = Release|Any CPU
		{D7D184C6-736F-4EA5-B4F3-7A9BA9698112}.AppStore|iPhone.ActiveCfg = Release|Any CPU
		{D7D184C6-736F-4EA5-B4F3-7A9BA9698112}.AppStore|iPhone.Build.0 = Release|Any CPU
		{D7D184C6-736F-4EA5-B4F3-7A9BA9698112}.AppStore|iPhoneSimulator.ActiveCfg = Release|Any CPU
		{D7D184C6-736F-4EA5-B4F3-7A9BA9698112}.AppStore|iPhoneSimulator.Build.0 = Release|Any CPU
		{D7D184C6-736F-4EA5-B4F3-7A9BA9698112}.AppStore|x86.ActiveCfg = Release|Any CPU
		{D7D184C6-736F-4EA5-B4F3-7A9BA9698112}.AppStore|x86.Build.0 = Release|Any CPU
		{D7D184C6-736F-4EA5-B4F3-7A9BA9698112}.Debug|Any CPU.ActiveCfg = Debug|Any CPU
		{D7D184C6-736F-4EA5-B4F3-7A9BA9698112}.Debug|Any CPU.Build.0 = Debug|Any CPU
		{D7D184C6-736F-4EA5-B4F3-7A9BA9698112}.Debug|ARM.ActiveCfg = Debug|Any CPU
		{D7D184C6-736F-4EA5-B4F3-7A9BA9698112}.Debug|ARM.Build.0 = Debug|Any CPU
		{D7D184C6-736F-4EA5-B4F3-7A9BA9698112}.Debug|iPhone.ActiveCfg = Debug|Any CPU
		{D7D184C6-736F-4EA5-B4F3-7A9BA9698112}.Debug|iPhone.Build.0 = Debug|Any CPU
		{D7D184C6-736F-4EA5-B4F3-7A9BA9698112}.Debug|iPhoneSimulator.ActiveCfg = Debug|Any CPU
		{D7D184C6-736F-4EA5-B4F3-7A9BA9698112}.Debug|iPhoneSimulator.Build.0 = Debug|Any CPU
		{D7D184C6-736F-4EA5-B4F3-7A9BA9698112}.Debug|x86.ActiveCfg = Debug|Any CPU
		{D7D184C6-736F-4EA5-B4F3-7A9BA9698112}.Debug|x86.Build.0 = Debug|Any CPU
		{D7D184C6-736F-4EA5-B4F3-7A9BA9698112}.Release|Any CPU.ActiveCfg = Release|Any CPU
		{D7D184C6-736F-4EA5-B4F3-7A9BA9698112}.Release|Any CPU.Build.0 = Release|Any CPU
		{D7D184C6-736F-4EA5-B4F3-7A9BA9698112}.Release|ARM.ActiveCfg = Release|Any CPU
		{D7D184C6-736F-4EA5-B4F3-7A9BA9698112}.Release|ARM.Build.0 = Release|Any CPU
		{D7D184C6-736F-4EA5-B4F3-7A9BA9698112}.Release|iPhone.ActiveCfg = Release|Any CPU
		{D7D184C6-736F-4EA5-B4F3-7A9BA9698112}.Release|iPhone.Build.0 = Release|Any CPU
		{D7D184C6-736F-4EA5-B4F3-7A9BA9698112}.Release|iPhoneSimulator.ActiveCfg = Release|Any CPU
		{D7D184C6-736F-4EA5-B4F3-7A9BA9698112}.Release|iPhoneSimulator.Build.0 = Release|Any CPU
		{D7D184C6-736F-4EA5-B4F3-7A9BA9698112}.Release|x86.ActiveCfg = Release|Any CPU
		{D7D184C6-736F-4EA5-B4F3-7A9BA9698112}.Release|x86.Build.0 = Release|Any CPU
		{E5997C1E-A269-4B1D-BD15-55878A8D5430}.Ad-Hoc|Any CPU.ActiveCfg = Release|Any CPU
		{E5997C1E-A269-4B1D-BD15-55878A8D5430}.Ad-Hoc|Any CPU.Build.0 = Release|Any CPU
		{E5997C1E-A269-4B1D-BD15-55878A8D5430}.Ad-Hoc|ARM.ActiveCfg = Release|Any CPU
		{E5997C1E-A269-4B1D-BD15-55878A8D5430}.Ad-Hoc|ARM.Build.0 = Release|Any CPU
		{E5997C1E-A269-4B1D-BD15-55878A8D5430}.Ad-Hoc|iPhone.ActiveCfg = Release|Any CPU
		{E5997C1E-A269-4B1D-BD15-55878A8D5430}.Ad-Hoc|iPhone.Build.0 = Release|Any CPU
		{E5997C1E-A269-4B1D-BD15-55878A8D5430}.Ad-Hoc|iPhoneSimulator.ActiveCfg = Release|Any CPU
		{E5997C1E-A269-4B1D-BD15-55878A8D5430}.Ad-Hoc|iPhoneSimulator.Build.0 = Release|Any CPU
		{E5997C1E-A269-4B1D-BD15-55878A8D5430}.Ad-Hoc|x86.ActiveCfg = Release|Any CPU
		{E5997C1E-A269-4B1D-BD15-55878A8D5430}.Ad-Hoc|x86.Build.0 = Release|Any CPU
		{E5997C1E-A269-4B1D-BD15-55878A8D5430}.AppStore|Any CPU.ActiveCfg = Release|Any CPU
		{E5997C1E-A269-4B1D-BD15-55878A8D5430}.AppStore|Any CPU.Build.0 = Release|Any CPU
		{E5997C1E-A269-4B1D-BD15-55878A8D5430}.AppStore|ARM.ActiveCfg = Release|Any CPU
		{E5997C1E-A269-4B1D-BD15-55878A8D5430}.AppStore|ARM.Build.0 = Release|Any CPU
		{E5997C1E-A269-4B1D-BD15-55878A8D5430}.AppStore|iPhone.ActiveCfg = Release|Any CPU
		{E5997C1E-A269-4B1D-BD15-55878A8D5430}.AppStore|iPhone.Build.0 = Release|Any CPU
		{E5997C1E-A269-4B1D-BD15-55878A8D5430}.AppStore|iPhoneSimulator.ActiveCfg = Release|Any CPU
		{E5997C1E-A269-4B1D-BD15-55878A8D5430}.AppStore|iPhoneSimulator.Build.0 = Release|Any CPU
		{E5997C1E-A269-4B1D-BD15-55878A8D5430}.AppStore|x86.ActiveCfg = Release|Any CPU
		{E5997C1E-A269-4B1D-BD15-55878A8D5430}.AppStore|x86.Build.0 = Release|Any CPU
		{E5997C1E-A269-4B1D-BD15-55878A8D5430}.Debug|Any CPU.ActiveCfg = Debug|Any CPU
		{E5997C1E-A269-4B1D-BD15-55878A8D5430}.Debug|Any CPU.Build.0 = Debug|Any CPU
		{E5997C1E-A269-4B1D-BD15-55878A8D5430}.Debug|ARM.ActiveCfg = Debug|Any CPU
		{E5997C1E-A269-4B1D-BD15-55878A8D5430}.Debug|ARM.Build.0 = Debug|Any CPU
		{E5997C1E-A269-4B1D-BD15-55878A8D5430}.Debug|iPhone.ActiveCfg = Debug|Any CPU
		{E5997C1E-A269-4B1D-BD15-55878A8D5430}.Debug|iPhone.Build.0 = Debug|Any CPU
		{E5997C1E-A269-4B1D-BD15-55878A8D5430}.Debug|iPhoneSimulator.ActiveCfg = Debug|Any CPU
		{E5997C1E-A269-4B1D-BD15-55878A8D5430}.Debug|iPhoneSimulator.Build.0 = Debug|Any CPU
		{E5997C1E-A269-4B1D-BD15-55878A8D5430}.Debug|x86.ActiveCfg = Debug|Any CPU
		{E5997C1E-A269-4B1D-BD15-55878A8D5430}.Debug|x86.Build.0 = Debug|Any CPU
		{E5997C1E-A269-4B1D-BD15-55878A8D5430}.Release|Any CPU.ActiveCfg = Release|Any CPU
		{E5997C1E-A269-4B1D-BD15-55878A8D5430}.Release|Any CPU.Build.0 = Release|Any CPU
		{E5997C1E-A269-4B1D-BD15-55878A8D5430}.Release|ARM.ActiveCfg = Release|Any CPU
		{E5997C1E-A269-4B1D-BD15-55878A8D5430}.Release|ARM.Build.0 = Release|Any CPU
		{E5997C1E-A269-4B1D-BD15-55878A8D5430}.Release|iPhone.ActiveCfg = Release|Any CPU
		{E5997C1E-A269-4B1D-BD15-55878A8D5430}.Release|iPhone.Build.0 = Release|Any CPU
		{E5997C1E-A269-4B1D-BD15-55878A8D5430}.Release|iPhoneSimulator.ActiveCfg = Release|Any CPU
		{E5997C1E-A269-4B1D-BD15-55878A8D5430}.Release|iPhoneSimulator.Build.0 = Release|Any CPU
		{E5997C1E-A269-4B1D-BD15-55878A8D5430}.Release|x86.ActiveCfg = Release|Any CPU
		{E5997C1E-A269-4B1D-BD15-55878A8D5430}.Release|x86.Build.0 = Release|Any CPU
	EndGlobalSection
	GlobalSection(SolutionProperties) = preSolution
		HideSolutionNode = FALSE
	EndGlobalSection
EndGlobal
