
Microsoft Visual Studio Solution File, Format Version 12.00
# Visual Studio 14
VisualStudioVersion = 14.0.23107.0
MinimumVisualStudioVersion = 10.0.40219.1
Project("{FAE04EC0-301F-11D3-BF4B-00C04F79EFBC}") = "TimeView.data", "TimeView.data\TimeView.data.csproj", "{D586330B-DE93-4988-B97C-03128A2C01D6}"
EndProject
Project("{8BB2217D-0F2D-49D1-97BC-3654ED321F3B}") = "TimeView.context", "TimeView.context\TimeView.context.xproj", "{78709F3B-AE02-4AE5-BFB8-2CE161F129ED}"
EndProject
Global
	GlobalSection(SolutionConfigurationPlatforms) = preSolution
		Debug|Any CPU = Debug|Any CPU
		Release|Any CPU = Release|Any CPU
	EndGlobalSection
	GlobalSection(ProjectConfigurationPlatforms) = postSolution
		{D586330B-DE93-4988-B97C-03128A2C01D6}.Debug|Any CPU.ActiveCfg = Debug|Any CPU
		{D586330B-DE93-4988-B97C-03128A2C01D6}.Debug|Any CPU.Build.0 = Debug|Any CPU
		{D586330B-DE93-4988-B97C-03128A2C01D6}.Release|Any CPU.ActiveCfg = Release|Any CPU
		{D586330B-DE93-4988-B97C-03128A2C01D6}.Release|Any CPU.Build.0 = Release|Any CPU
		{78709F3B-AE02-4AE5-BFB8-2CE161F129ED}.Debug|Any CPU.ActiveCfg = Debug|Any CPU
		{78709F3B-AE02-4AE5-BFB8-2CE161F129ED}.Debug|Any CPU.Build.0 = Debug|Any CPU
		{78709F3B-AE02-4AE5-BFB8-2CE161F129ED}.Release|Any CPU.ActiveCfg = Release|Any CPU
		{78709F3B-AE02-4AE5-BFB8-2CE161F129ED}.Release|Any CPU.Build.0 = Release|Any CPU
	EndGlobalSection
	GlobalSection(SolutionProperties) = preSolution
		HideSolutionNode = FALSE
	EndGlobalSection
EndGlobal
