
Microsoft Visual Studio Solution File, Format Version 12.00
# Visual Studio 14
VisualStudioVersion = 14.0.24720.0
MinimumVisualStudioVersion = 10.0.40219.1
Project("{FAE04EC0-301F-11D3-BF4B-00C04F79EFBC}") = "TimeView.data", "TimeView.data\TimeView.data.csproj", "{57841A83-B2EE-45A9-98DD-1755CC81EE43}"
EndProject
Project("{FAE04EC0-301F-11D3-BF4B-00C04F79EFBC}") = "TimeView.context", "TimeView.context\TimeView.context.csproj", "{5540039D-98B8-4624-B127-220BFA0AB2F5}"
EndProject
Project("{FAE04EC0-301F-11D3-BF4B-00C04F79EFBC}") = "TimeView.api", "TimeView.api\TimeView.api.csproj", "{983EA965-78BE-47E2-B0C2-95298C745600}"
EndProject
Global
	GlobalSection(SolutionConfigurationPlatforms) = preSolution
		Debug|Any CPU = Debug|Any CPU
		Release|Any CPU = Release|Any CPU
	EndGlobalSection
	GlobalSection(ProjectConfigurationPlatforms) = postSolution
		{57841A83-B2EE-45A9-98DD-1755CC81EE43}.Debug|Any CPU.ActiveCfg = Debug|Any CPU
		{57841A83-B2EE-45A9-98DD-1755CC81EE43}.Debug|Any CPU.Build.0 = Debug|Any CPU
		{57841A83-B2EE-45A9-98DD-1755CC81EE43}.Release|Any CPU.ActiveCfg = Release|Any CPU
		{57841A83-B2EE-45A9-98DD-1755CC81EE43}.Release|Any CPU.Build.0 = Release|Any CPU
		{5540039D-98B8-4624-B127-220BFA0AB2F5}.Debug|Any CPU.ActiveCfg = Debug|Any CPU
		{5540039D-98B8-4624-B127-220BFA0AB2F5}.Debug|Any CPU.Build.0 = Debug|Any CPU
		{5540039D-98B8-4624-B127-220BFA0AB2F5}.Release|Any CPU.ActiveCfg = Release|Any CPU
		{5540039D-98B8-4624-B127-220BFA0AB2F5}.Release|Any CPU.Build.0 = Release|Any CPU
		{983EA965-78BE-47E2-B0C2-95298C745600}.Debug|Any CPU.ActiveCfg = Debug|Any CPU
		{983EA965-78BE-47E2-B0C2-95298C745600}.Debug|Any CPU.Build.0 = Debug|Any CPU
		{983EA965-78BE-47E2-B0C2-95298C745600}.Release|Any CPU.ActiveCfg = Release|Any CPU
		{983EA965-78BE-47E2-B0C2-95298C745600}.Release|Any CPU.Build.0 = Release|Any CPU
	EndGlobalSection
	GlobalSection(SolutionProperties) = preSolution
		HideSolutionNode = FALSE
	EndGlobalSection
EndGlobal
