
Microsoft Visual Studio Solution File, Format Version 12.00
# Visual Studio 14
VisualStudioVersion = 14.0.24720.0
MinimumVisualStudioVersion = 10.0.40219.1
Project("{FAE04EC0-301F-11D3-BF4B-00C04F79EFBC}") = "TimeViewMobile.Droid", "TimeViewMobile\TimeViewMobile.Droid\TimeViewMobile.Droid.csproj", "{DDF4ACED-2B68-4033-85E8-9DBD05E5A05F}"
EndProject
Project("{FAE04EC0-301F-11D3-BF4B-00C04F79EFBC}") = "TimeViewMobile.iOS", "TimeViewMobile\TimeViewMobile.iOS\TimeViewMobile.iOS.csproj", "{0D1C15F3-C8FD-459F-9F42-E0994536AFDC}"
EndProject
Project("{FAE04EC0-301F-11D3-BF4B-00C04F79EFBC}") = "TimeViewMobile.WinPhone", "TimeViewMobile\TimeViewMobile.WinPhone\TimeViewMobile.WinPhone.csproj", "{87A4CF72-7ADB-4450-9C5A-47CDB949BAD5}"
EndProject
Project("{FAE04EC0-301F-11D3-BF4B-00C04F79EFBC}") = "TimeViewMobile", "TimeViewMobile\TimeViewMobile\TimeViewMobile.csproj", "{73B2A110-8AD9-4F78-89B3-CEE6A5AFD2B3}"
EndProject
Project("{FAE04EC0-301F-11D3-BF4B-00C04F79EFBC}") = "TimeView.Model", "TimeView.data\TimeView.Model.csproj", "{57841A83-B2EE-45A9-98DD-1755CC81EE43}"
EndProject
Project("{FAE04EC0-301F-11D3-BF4B-00C04F79EFBC}") = "TimeView.DAL", "TimeView.DAL\TimeView.DAL.csproj", "{664538F3-CE0F-4FEB-BF61-79C205C59DA5}"
EndProject
Global
	GlobalSection(SolutionConfigurationPlatforms) = preSolution
		Ad-Hoc|Any CPU = Ad-Hoc|Any CPU
		Ad-Hoc|ARM = Ad-Hoc|ARM
		Ad-Hoc|iPhone = Ad-Hoc|iPhone
		Ad-Hoc|iPhoneSimulator = Ad-Hoc|iPhoneSimulator
		Ad-Hoc|x86 = Ad-Hoc|x86
		AppStore|Any CPU = AppStore|Any CPU
		AppStore|ARM = AppStore|ARM
		AppStore|iPhone = AppStore|iPhone
		AppStore|iPhoneSimulator = AppStore|iPhoneSimulator
		AppStore|x86 = AppStore|x86
		Debug|Any CPU = Debug|Any CPU
		Debug|ARM = Debug|ARM
		Debug|iPhone = Debug|iPhone
		Debug|iPhoneSimulator = Debug|iPhoneSimulator
		Debug|x86 = Debug|x86
		Release|Any CPU = Release|Any CPU
		Release|ARM = Release|ARM
		Release|iPhone = Release|iPhone
		Release|iPhoneSimulator = Release|iPhoneSimulator
		Release|x86 = Release|x86
	EndGlobalSection
	GlobalSection(ProjectConfigurationPlatforms) = postSolution
		{DDF4ACED-2B68-4033-85E8-9DBD05E5A05F}.Ad-Hoc|Any CPU.ActiveCfg = Release|Any CPU
		{DDF4ACED-2B68-4033-85E8-9DBD05E5A05F}.Ad-Hoc|Any CPU.Build.0 = Release|Any CPU
		{DDF4ACED-2B68-4033-85E8-9DBD05E5A05F}.Ad-Hoc|Any CPU.Deploy.0 = Release|Any CPU
		{DDF4ACED-2B68-4033-85E8-9DBD05E5A05F}.Ad-Hoc|ARM.ActiveCfg = Release|Any CPU
		{DDF4ACED-2B68-4033-85E8-9DBD05E5A05F}.Ad-Hoc|ARM.Build.0 = Release|Any CPU
		{DDF4ACED-2B68-4033-85E8-9DBD05E5A05F}.Ad-Hoc|ARM.Deploy.0 = Release|Any CPU
		{DDF4ACED-2B68-4033-85E8-9DBD05E5A05F}.Ad-Hoc|iPhone.ActiveCfg = Release|Any CPU
		{DDF4ACED-2B68-4033-85E8-9DBD05E5A05F}.Ad-Hoc|iPhone.Build.0 = Release|Any CPU
		{DDF4ACED-2B68-4033-85E8-9DBD05E5A05F}.Ad-Hoc|iPhone.Deploy.0 = Release|Any CPU
		{DDF4ACED-2B68-4033-85E8-9DBD05E5A05F}.Ad-Hoc|iPhoneSimulator.ActiveCfg = Release|Any CPU
		{DDF4ACED-2B68-4033-85E8-9DBD05E5A05F}.Ad-Hoc|iPhoneSimulator.Build.0 = Release|Any CPU
		{DDF4ACED-2B68-4033-85E8-9DBD05E5A05F}.Ad-Hoc|iPhoneSimulator.Deploy.0 = Release|Any CPU
		{DDF4ACED-2B68-4033-85E8-9DBD05E5A05F}.Ad-Hoc|x86.ActiveCfg = Release|Any CPU
		{DDF4ACED-2B68-4033-85E8-9DBD05E5A05F}.Ad-Hoc|x86.Build.0 = Release|Any CPU
		{DDF4ACED-2B68-4033-85E8-9DBD05E5A05F}.Ad-Hoc|x86.Deploy.0 = Release|Any CPU
		{DDF4ACED-2B68-4033-85E8-9DBD05E5A05F}.AppStore|Any CPU.ActiveCfg = Release|Any CPU
		{DDF4ACED-2B68-4033-85E8-9DBD05E5A05F}.AppStore|Any CPU.Build.0 = Release|Any CPU
		{DDF4ACED-2B68-4033-85E8-9DBD05E5A05F}.AppStore|Any CPU.Deploy.0 = Release|Any CPU
		{DDF4ACED-2B68-4033-85E8-9DBD05E5A05F}.AppStore|ARM.ActiveCfg = Release|Any CPU
		{DDF4ACED-2B68-4033-85E8-9DBD05E5A05F}.AppStore|ARM.Build.0 = Release|Any CPU
		{DDF4ACED-2B68-4033-85E8-9DBD05E5A05F}.AppStore|ARM.Deploy.0 = Release|Any CPU
		{DDF4ACED-2B68-4033-85E8-9DBD05E5A05F}.AppStore|iPhone.ActiveCfg = Release|Any CPU
		{DDF4ACED-2B68-4033-85E8-9DBD05E5A05F}.AppStore|iPhone.Build.0 = Release|Any CPU
		{DDF4ACED-2B68-4033-85E8-9DBD05E5A05F}.AppStore|iPhone.Deploy.0 = Release|Any CPU
		{DDF4ACED-2B68-4033-85E8-9DBD05E5A05F}.AppStore|iPhoneSimulator.ActiveCfg = Release|Any CPU
		{DDF4ACED-2B68-4033-85E8-9DBD05E5A05F}.AppStore|iPhoneSimulator.Build.0 = Release|Any CPU
		{DDF4ACED-2B68-4033-85E8-9DBD05E5A05F}.AppStore|iPhoneSimulator.Deploy.0 = Release|Any CPU
		{DDF4ACED-2B68-4033-85E8-9DBD05E5A05F}.AppStore|x86.ActiveCfg = Release|Any CPU
		{DDF4ACED-2B68-4033-85E8-9DBD05E5A05F}.AppStore|x86.Build.0 = Release|Any CPU
		{DDF4ACED-2B68-4033-85E8-9DBD05E5A05F}.AppStore|x86.Deploy.0 = Release|Any CPU
		{DDF4ACED-2B68-4033-85E8-9DBD05E5A05F}.Debug|Any CPU.ActiveCfg = Debug|Any CPU
		{DDF4ACED-2B68-4033-85E8-9DBD05E5A05F}.Debug|Any CPU.Build.0 = Debug|Any CPU
		{DDF4ACED-2B68-4033-85E8-9DBD05E5A05F}.Debug|Any CPU.Deploy.0 = Debug|Any CPU
		{DDF4ACED-2B68-4033-85E8-9DBD05E5A05F}.Debug|ARM.ActiveCfg = Debug|Any CPU
		{DDF4ACED-2B68-4033-85E8-9DBD05E5A05F}.Debug|ARM.Build.0 = Debug|Any CPU
		{DDF4ACED-2B68-4033-85E8-9DBD05E5A05F}.Debug|ARM.Deploy.0 = Debug|Any CPU
		{DDF4ACED-2B68-4033-85E8-9DBD05E5A05F}.Debug|iPhone.ActiveCfg = Debug|Any CPU
		{DDF4ACED-2B68-4033-85E8-9DBD05E5A05F}.Debug|iPhone.Build.0 = Debug|Any CPU
		{DDF4ACED-2B68-4033-85E8-9DBD05E5A05F}.Debug|iPhone.Deploy.0 = Debug|Any CPU
		{DDF4ACED-2B68-4033-85E8-9DBD05E5A05F}.Debug|iPhoneSimulator.ActiveCfg = Debug|Any CPU
		{DDF4ACED-2B68-4033-85E8-9DBD05E5A05F}.Debug|iPhoneSimulator.Build.0 = Debug|Any CPU
		{DDF4ACED-2B68-4033-85E8-9DBD05E5A05F}.Debug|iPhoneSimulator.Deploy.0 = Debug|Any CPU
		{DDF4ACED-2B68-4033-85E8-9DBD05E5A05F}.Debug|x86.ActiveCfg = Debug|Any CPU
		{DDF4ACED-2B68-4033-85E8-9DBD05E5A05F}.Debug|x86.Build.0 = Debug|Any CPU
		{DDF4ACED-2B68-4033-85E8-9DBD05E5A05F}.Debug|x86.Deploy.0 = Debug|Any CPU
		{DDF4ACED-2B68-4033-85E8-9DBD05E5A05F}.Release|Any CPU.ActiveCfg = Release|Any CPU
		{DDF4ACED-2B68-4033-85E8-9DBD05E5A05F}.Release|Any CPU.Build.0 = Release|Any CPU
		{DDF4ACED-2B68-4033-85E8-9DBD05E5A05F}.Release|Any CPU.Deploy.0 = Release|Any CPU
		{DDF4ACED-2B68-4033-85E8-9DBD05E5A05F}.Release|ARM.ActiveCfg = Release|Any CPU
		{DDF4ACED-2B68-4033-85E8-9DBD05E5A05F}.Release|ARM.Build.0 = Release|Any CPU
		{DDF4ACED-2B68-4033-85E8-9DBD05E5A05F}.Release|ARM.Deploy.0 = Release|Any CPU
		{DDF4ACED-2B68-4033-85E8-9DBD05E5A05F}.Release|iPhone.ActiveCfg = Release|Any CPU
		{DDF4ACED-2B68-4033-85E8-9DBD05E5A05F}.Release|iPhone.Build.0 = Release|Any CPU
		{DDF4ACED-2B68-4033-85E8-9DBD05E5A05F}.Release|iPhone.Deploy.0 = Release|Any CPU
		{DDF4ACED-2B68-4033-85E8-9DBD05E5A05F}.Release|iPhoneSimulator.ActiveCfg = Release|Any CPU
		{DDF4ACED-2B68-4033-85E8-9DBD05E5A05F}.Release|iPhoneSimulator.Build.0 = Release|Any CPU
		{DDF4ACED-2B68-4033-85E8-9DBD05E5A05F}.Release|iPhoneSimulator.Deploy.0 = Release|Any CPU
		{DDF4ACED-2B68-4033-85E8-9DBD05E5A05F}.Release|x86.ActiveCfg = Release|Any CPU
		{DDF4ACED-2B68-4033-85E8-9DBD05E5A05F}.Release|x86.Build.0 = Release|Any CPU
		{DDF4ACED-2B68-4033-85E8-9DBD05E5A05F}.Release|x86.Deploy.0 = Release|Any CPU
		{0D1C15F3-C8FD-459F-9F42-E0994536AFDC}.Ad-Hoc|Any CPU.ActiveCfg = Ad-Hoc|iPhone
		{0D1C15F3-C8FD-459F-9F42-E0994536AFDC}.Ad-Hoc|ARM.ActiveCfg = Ad-Hoc|iPhone
		{0D1C15F3-C8FD-459F-9F42-E0994536AFDC}.Ad-Hoc|iPhone.ActiveCfg = Ad-Hoc|iPhone
		{0D1C15F3-C8FD-459F-9F42-E0994536AFDC}.Ad-Hoc|iPhone.Build.0 = Ad-Hoc|iPhone
		{0D1C15F3-C8FD-459F-9F42-E0994536AFDC}.Ad-Hoc|iPhoneSimulator.ActiveCfg = Ad-Hoc|iPhoneSimulator
		{0D1C15F3-C8FD-459F-9F42-E0994536AFDC}.Ad-Hoc|iPhoneSimulator.Build.0 = Ad-Hoc|iPhoneSimulator
		{0D1C15F3-C8FD-459F-9F42-E0994536AFDC}.Ad-Hoc|x86.ActiveCfg = Ad-Hoc|iPhone
		{0D1C15F3-C8FD-459F-9F42-E0994536AFDC}.AppStore|Any CPU.ActiveCfg = AppStore|iPhone
		{0D1C15F3-C8FD-459F-9F42-E0994536AFDC}.AppStore|ARM.ActiveCfg = AppStore|iPhone
		{0D1C15F3-C8FD-459F-9F42-E0994536AFDC}.AppStore|iPhone.ActiveCfg = AppStore|iPhone
		{0D1C15F3-C8FD-459F-9F42-E0994536AFDC}.AppStore|iPhone.Build.0 = AppStore|iPhone
		{0D1C15F3-C8FD-459F-9F42-E0994536AFDC}.AppStore|iPhoneSimulator.ActiveCfg = AppStore|iPhoneSimulator
		{0D1C15F3-C8FD-459F-9F42-E0994536AFDC}.AppStore|iPhoneSimulator.Build.0 = AppStore|iPhoneSimulator
		{0D1C15F3-C8FD-459F-9F42-E0994536AFDC}.AppStore|x86.ActiveCfg = AppStore|iPhone
		{0D1C15F3-C8FD-459F-9F42-E0994536AFDC}.Debug|Any CPU.ActiveCfg = Debug|iPhone
		{0D1C15F3-C8FD-459F-9F42-E0994536AFDC}.Debug|ARM.ActiveCfg = Debug|iPhone
		{0D1C15F3-C8FD-459F-9F42-E0994536AFDC}.Debug|iPhone.ActiveCfg = Debug|iPhone
		{0D1C15F3-C8FD-459F-9F42-E0994536AFDC}.Debug|iPhone.Build.0 = Debug|iPhone
		{0D1C15F3-C8FD-459F-9F42-E0994536AFDC}.Debug|iPhoneSimulator.ActiveCfg = Debug|iPhoneSimulator
		{0D1C15F3-C8FD-459F-9F42-E0994536AFDC}.Debug|iPhoneSimulator.Build.0 = Debug|iPhoneSimulator
		{0D1C15F3-C8FD-459F-9F42-E0994536AFDC}.Debug|x86.ActiveCfg = Debug|iPhone
		{0D1C15F3-C8FD-459F-9F42-E0994536AFDC}.Release|Any CPU.ActiveCfg = Release|iPhone
		{0D1C15F3-C8FD-459F-9F42-E0994536AFDC}.Release|ARM.ActiveCfg = Release|iPhone
		{0D1C15F3-C8FD-459F-9F42-E0994536AFDC}.Release|iPhone.ActiveCfg = Release|iPhone
		{0D1C15F3-C8FD-459F-9F42-E0994536AFDC}.Release|iPhone.Build.0 = Release|iPhone
		{0D1C15F3-C8FD-459F-9F42-E0994536AFDC}.Release|iPhoneSimulator.ActiveCfg = Release|iPhoneSimulator
		{0D1C15F3-C8FD-459F-9F42-E0994536AFDC}.Release|iPhoneSimulator.Build.0 = Release|iPhoneSimulator
		{0D1C15F3-C8FD-459F-9F42-E0994536AFDC}.Release|x86.ActiveCfg = Release|iPhone
		{87A4CF72-7ADB-4450-9C5A-47CDB949BAD5}.Ad-Hoc|Any CPU.ActiveCfg = Release|Any CPU
		{87A4CF72-7ADB-4450-9C5A-47CDB949BAD5}.Ad-Hoc|Any CPU.Build.0 = Release|Any CPU
		{87A4CF72-7ADB-4450-9C5A-47CDB949BAD5}.Ad-Hoc|Any CPU.Deploy.0 = Release|Any CPU
		{87A4CF72-7ADB-4450-9C5A-47CDB949BAD5}.Ad-Hoc|ARM.ActiveCfg = Release|ARM
		{87A4CF72-7ADB-4450-9C5A-47CDB949BAD5}.Ad-Hoc|ARM.Build.0 = Release|ARM
		{87A4CF72-7ADB-4450-9C5A-47CDB949BAD5}.Ad-Hoc|ARM.Deploy.0 = Release|ARM
		{87A4CF72-7ADB-4450-9C5A-47CDB949BAD5}.Ad-Hoc|iPhone.ActiveCfg = Release|Any CPU
		{87A4CF72-7ADB-4450-9C5A-47CDB949BAD5}.Ad-Hoc|iPhone.Build.0 = Release|Any CPU
		{87A4CF72-7ADB-4450-9C5A-47CDB949BAD5}.Ad-Hoc|iPhone.Deploy.0 = Release|Any CPU
		{87A4CF72-7ADB-4450-9C5A-47CDB949BAD5}.Ad-Hoc|iPhoneSimulator.ActiveCfg = Release|Any CPU
		{87A4CF72-7ADB-4450-9C5A-47CDB949BAD5}.Ad-Hoc|iPhoneSimulator.Build.0 = Release|Any CPU
		{87A4CF72-7ADB-4450-9C5A-47CDB949BAD5}.Ad-Hoc|iPhoneSimulator.Deploy.0 = Release|Any CPU
		{87A4CF72-7ADB-4450-9C5A-47CDB949BAD5}.Ad-Hoc|x86.ActiveCfg = Release|x86
		{87A4CF72-7ADB-4450-9C5A-47CDB949BAD5}.Ad-Hoc|x86.Build.0 = Release|x86
		{87A4CF72-7ADB-4450-9C5A-47CDB949BAD5}.Ad-Hoc|x86.Deploy.0 = Release|x86
		{87A4CF72-7ADB-4450-9C5A-47CDB949BAD5}.AppStore|Any CPU.ActiveCfg = Release|Any CPU
		{87A4CF72-7ADB-4450-9C5A-47CDB949BAD5}.AppStore|Any CPU.Build.0 = Release|Any CPU
		{87A4CF72-7ADB-4450-9C5A-47CDB949BAD5}.AppStore|Any CPU.Deploy.0 = Release|Any CPU
		{87A4CF72-7ADB-4450-9C5A-47CDB949BAD5}.AppStore|ARM.ActiveCfg = Release|ARM
		{87A4CF72-7ADB-4450-9C5A-47CDB949BAD5}.AppStore|ARM.Build.0 = Release|ARM
		{87A4CF72-7ADB-4450-9C5A-47CDB949BAD5}.AppStore|ARM.Deploy.0 = Release|ARM
		{87A4CF72-7ADB-4450-9C5A-47CDB949BAD5}.AppStore|iPhone.ActiveCfg = Release|Any CPU
		{87A4CF72-7ADB-4450-9C5A-47CDB949BAD5}.AppStore|iPhone.Build.0 = Release|Any CPU
		{87A4CF72-7ADB-4450-9C5A-47CDB949BAD5}.AppStore|iPhone.Deploy.0 = Release|Any CPU
		{87A4CF72-7ADB-4450-9C5A-47CDB949BAD5}.AppStore|iPhoneSimulator.ActiveCfg = Release|Any CPU
		{87A4CF72-7ADB-4450-9C5A-47CDB949BAD5}.AppStore|iPhoneSimulator.Build.0 = Release|Any CPU
		{87A4CF72-7ADB-4450-9C5A-47CDB949BAD5}.AppStore|iPhoneSimulator.Deploy.0 = Release|Any CPU
		{87A4CF72-7ADB-4450-9C5A-47CDB949BAD5}.AppStore|x86.ActiveCfg = Release|x86
		{87A4CF72-7ADB-4450-9C5A-47CDB949BAD5}.AppStore|x86.Build.0 = Release|x86
		{87A4CF72-7ADB-4450-9C5A-47CDB949BAD5}.AppStore|x86.Deploy.0 = Release|x86
		{87A4CF72-7ADB-4450-9C5A-47CDB949BAD5}.Debug|Any CPU.ActiveCfg = Debug|Any CPU
		{87A4CF72-7ADB-4450-9C5A-47CDB949BAD5}.Debug|Any CPU.Build.0 = Debug|Any CPU
		{87A4CF72-7ADB-4450-9C5A-47CDB949BAD5}.Debug|Any CPU.Deploy.0 = Debug|Any CPU
		{87A4CF72-7ADB-4450-9C5A-47CDB949BAD5}.Debug|ARM.ActiveCfg = Debug|ARM
		{87A4CF72-7ADB-4450-9C5A-47CDB949BAD5}.Debug|ARM.Build.0 = Debug|ARM
		{87A4CF72-7ADB-4450-9C5A-47CDB949BAD5}.Debug|ARM.Deploy.0 = Debug|ARM
		{87A4CF72-7ADB-4450-9C5A-47CDB949BAD5}.Debug|iPhone.ActiveCfg = Debug|Any CPU
		{87A4CF72-7ADB-4450-9C5A-47CDB949BAD5}.Debug|iPhone.Build.0 = Debug|Any CPU
		{87A4CF72-7ADB-4450-9C5A-47CDB949BAD5}.Debug|iPhone.Deploy.0 = Debug|Any CPU
		{87A4CF72-7ADB-4450-9C5A-47CDB949BAD5}.Debug|iPhoneSimulator.ActiveCfg = Debug|Any CPU
		{87A4CF72-7ADB-4450-9C5A-47CDB949BAD5}.Debug|iPhoneSimulator.Build.0 = Debug|Any CPU
		{87A4CF72-7ADB-4450-9C5A-47CDB949BAD5}.Debug|iPhoneSimulator.Deploy.0 = Debug|Any CPU
		{87A4CF72-7ADB-4450-9C5A-47CDB949BAD5}.Debug|x86.ActiveCfg = Debug|x86
		{87A4CF72-7ADB-4450-9C5A-47CDB949BAD5}.Debug|x86.Build.0 = Debug|x86
		{87A4CF72-7ADB-4450-9C5A-47CDB949BAD5}.Debug|x86.Deploy.0 = Debug|x86
		{87A4CF72-7ADB-4450-9C5A-47CDB949BAD5}.Release|Any CPU.ActiveCfg = Release|Any CPU
		{87A4CF72-7ADB-4450-9C5A-47CDB949BAD5}.Release|Any CPU.Build.0 = Release|Any CPU
		{87A4CF72-7ADB-4450-9C5A-47CDB949BAD5}.Release|Any CPU.Deploy.0 = Release|Any CPU
		{87A4CF72-7ADB-4450-9C5A-47CDB949BAD5}.Release|ARM.ActiveCfg = Release|ARM
		{87A4CF72-7ADB-4450-9C5A-47CDB949BAD5}.Release|ARM.Build.0 = Release|ARM
		{87A4CF72-7ADB-4450-9C5A-47CDB949BAD5}.Release|ARM.Deploy.0 = Release|ARM
		{87A4CF72-7ADB-4450-9C5A-47CDB949BAD5}.Release|iPhone.ActiveCfg = Release|Any CPU
		{87A4CF72-7ADB-4450-9C5A-47CDB949BAD5}.Release|iPhone.Build.0 = Release|Any CPU
		{87A4CF72-7ADB-4450-9C5A-47CDB949BAD5}.Release|iPhone.Deploy.0 = Release|Any CPU
		{87A4CF72-7ADB-4450-9C5A-47CDB949BAD5}.Release|iPhoneSimulator.ActiveCfg = Release|Any CPU
		{87A4CF72-7ADB-4450-9C5A-47CDB949BAD5}.Release|iPhoneSimulator.Build.0 = Release|Any CPU
		{87A4CF72-7ADB-4450-9C5A-47CDB949BAD5}.Release|iPhoneSimulator.Deploy.0 = Release|Any CPU
		{87A4CF72-7ADB-4450-9C5A-47CDB949BAD5}.Release|x86.ActiveCfg = Release|x86
		{87A4CF72-7ADB-4450-9C5A-47CDB949BAD5}.Release|x86.Build.0 = Release|x86
		{87A4CF72-7ADB-4450-9C5A-47CDB949BAD5}.Release|x86.Deploy.0 = Release|x86
		{73B2A110-8AD9-4F78-89B3-CEE6A5AFD2B3}.Ad-Hoc|Any CPU.ActiveCfg = Release|Any CPU
		{73B2A110-8AD9-4F78-89B3-CEE6A5AFD2B3}.Ad-Hoc|Any CPU.Build.0 = Release|Any CPU
		{73B2A110-8AD9-4F78-89B3-CEE6A5AFD2B3}.Ad-Hoc|ARM.ActiveCfg = Release|Any CPU
		{73B2A110-8AD9-4F78-89B3-CEE6A5AFD2B3}.Ad-Hoc|ARM.Build.0 = Release|Any CPU
		{73B2A110-8AD9-4F78-89B3-CEE6A5AFD2B3}.Ad-Hoc|iPhone.ActiveCfg = Release|Any CPU
		{73B2A110-8AD9-4F78-89B3-CEE6A5AFD2B3}.Ad-Hoc|iPhone.Build.0 = Release|Any CPU
		{73B2A110-8AD9-4F78-89B3-CEE6A5AFD2B3}.Ad-Hoc|iPhoneSimulator.ActiveCfg = Release|Any CPU
		{73B2A110-8AD9-4F78-89B3-CEE6A5AFD2B3}.Ad-Hoc|iPhoneSimulator.Build.0 = Release|Any CPU
		{73B2A110-8AD9-4F78-89B3-CEE6A5AFD2B3}.Ad-Hoc|x86.ActiveCfg = Release|Any CPU
		{73B2A110-8AD9-4F78-89B3-CEE6A5AFD2B3}.Ad-Hoc|x86.Build.0 = Release|Any CPU
		{73B2A110-8AD9-4F78-89B3-CEE6A5AFD2B3}.AppStore|Any CPU.ActiveCfg = Release|Any CPU
		{73B2A110-8AD9-4F78-89B3-CEE6A5AFD2B3}.AppStore|Any CPU.Build.0 = Release|Any CPU
		{73B2A110-8AD9-4F78-89B3-CEE6A5AFD2B3}.AppStore|ARM.ActiveCfg = Release|Any CPU
		{73B2A110-8AD9-4F78-89B3-CEE6A5AFD2B3}.AppStore|ARM.Build.0 = Release|Any CPU
		{73B2A110-8AD9-4F78-89B3-CEE6A5AFD2B3}.AppStore|iPhone.ActiveCfg = Release|Any CPU
		{73B2A110-8AD9-4F78-89B3-CEE6A5AFD2B3}.AppStore|iPhone.Build.0 = Release|Any CPU
		{73B2A110-8AD9-4F78-89B3-CEE6A5AFD2B3}.AppStore|iPhoneSimulator.ActiveCfg = Release|Any CPU
		{73B2A110-8AD9-4F78-89B3-CEE6A5AFD2B3}.AppStore|iPhoneSimulator.Build.0 = Release|Any CPU
		{73B2A110-8AD9-4F78-89B3-CEE6A5AFD2B3}.AppStore|x86.ActiveCfg = Release|Any CPU
		{73B2A110-8AD9-4F78-89B3-CEE6A5AFD2B3}.AppStore|x86.Build.0 = Release|Any CPU
		{73B2A110-8AD9-4F78-89B3-CEE6A5AFD2B3}.Debug|Any CPU.ActiveCfg = Debug|Any CPU
		{73B2A110-8AD9-4F78-89B3-CEE6A5AFD2B3}.Debug|Any CPU.Build.0 = Debug|Any CPU
		{73B2A110-8AD9-4F78-89B3-CEE6A5AFD2B3}.Debug|ARM.ActiveCfg = Debug|Any CPU
		{73B2A110-8AD9-4F78-89B3-CEE6A5AFD2B3}.Debug|ARM.Build.0 = Debug|Any CPU
		{73B2A110-8AD9-4F78-89B3-CEE6A5AFD2B3}.Debug|iPhone.ActiveCfg = Debug|Any CPU
		{73B2A110-8AD9-4F78-89B3-CEE6A5AFD2B3}.Debug|iPhone.Build.0 = Debug|Any CPU
		{73B2A110-8AD9-4F78-89B3-CEE6A5AFD2B3}.Debug|iPhoneSimulator.ActiveCfg = Debug|Any CPU
		{73B2A110-8AD9-4F78-89B3-CEE6A5AFD2B3}.Debug|iPhoneSimulator.Build.0 = Debug|Any CPU
		{73B2A110-8AD9-4F78-89B3-CEE6A5AFD2B3}.Debug|x86.ActiveCfg = Debug|Any CPU
		{73B2A110-8AD9-4F78-89B3-CEE6A5AFD2B3}.Debug|x86.Build.0 = Debug|Any CPU
		{73B2A110-8AD9-4F78-89B3-CEE6A5AFD2B3}.Release|Any CPU.ActiveCfg = Release|Any CPU
		{73B2A110-8AD9-4F78-89B3-CEE6A5AFD2B3}.Release|Any CPU.Build.0 = Release|Any CPU
		{73B2A110-8AD9-4F78-89B3-CEE6A5AFD2B3}.Release|ARM.ActiveCfg = Release|Any CPU
		{73B2A110-8AD9-4F78-89B3-CEE6A5AFD2B3}.Release|ARM.Build.0 = Release|Any CPU
		{73B2A110-8AD9-4F78-89B3-CEE6A5AFD2B3}.Release|iPhone.ActiveCfg = Release|Any CPU
		{73B2A110-8AD9-4F78-89B3-CEE6A5AFD2B3}.Release|iPhone.Build.0 = Release|Any CPU
		{73B2A110-8AD9-4F78-89B3-CEE6A5AFD2B3}.Release|iPhoneSimulator.ActiveCfg = Release|Any CPU
		{73B2A110-8AD9-4F78-89B3-CEE6A5AFD2B3}.Release|iPhoneSimulator.Build.0 = Release|Any CPU
		{73B2A110-8AD9-4F78-89B3-CEE6A5AFD2B3}.Release|x86.ActiveCfg = Release|Any CPU
		{73B2A110-8AD9-4F78-89B3-CEE6A5AFD2B3}.Release|x86.Build.0 = Release|Any CPU
		{57841A83-B2EE-45A9-98DD-1755CC81EE43}.Ad-Hoc|Any CPU.ActiveCfg = Release|Any CPU
		{57841A83-B2EE-45A9-98DD-1755CC81EE43}.Ad-Hoc|Any CPU.Build.0 = Release|Any CPU
		{57841A83-B2EE-45A9-98DD-1755CC81EE43}.Ad-Hoc|ARM.ActiveCfg = Release|Any CPU
		{57841A83-B2EE-45A9-98DD-1755CC81EE43}.Ad-Hoc|ARM.Build.0 = Release|Any CPU
		{57841A83-B2EE-45A9-98DD-1755CC81EE43}.Ad-Hoc|iPhone.ActiveCfg = Release|Any CPU
		{57841A83-B2EE-45A9-98DD-1755CC81EE43}.Ad-Hoc|iPhone.Build.0 = Release|Any CPU
		{57841A83-B2EE-45A9-98DD-1755CC81EE43}.Ad-Hoc|iPhoneSimulator.ActiveCfg = Release|Any CPU
		{57841A83-B2EE-45A9-98DD-1755CC81EE43}.Ad-Hoc|iPhoneSimulator.Build.0 = Release|Any CPU
		{57841A83-B2EE-45A9-98DD-1755CC81EE43}.Ad-Hoc|x86.ActiveCfg = Release|Any CPU
		{57841A83-B2EE-45A9-98DD-1755CC81EE43}.Ad-Hoc|x86.Build.0 = Release|Any CPU
		{57841A83-B2EE-45A9-98DD-1755CC81EE43}.AppStore|Any CPU.ActiveCfg = Release|Any CPU
		{57841A83-B2EE-45A9-98DD-1755CC81EE43}.AppStore|Any CPU.Build.0 = Release|Any CPU
		{57841A83-B2EE-45A9-98DD-1755CC81EE43}.AppStore|ARM.ActiveCfg = Release|Any CPU
		{57841A83-B2EE-45A9-98DD-1755CC81EE43}.AppStore|ARM.Build.0 = Release|Any CPU
		{57841A83-B2EE-45A9-98DD-1755CC81EE43}.AppStore|iPhone.ActiveCfg = Release|Any CPU
		{57841A83-B2EE-45A9-98DD-1755CC81EE43}.AppStore|iPhone.Build.0 = Release|Any CPU
		{57841A83-B2EE-45A9-98DD-1755CC81EE43}.AppStore|iPhoneSimulator.ActiveCfg = Release|Any CPU
		{57841A83-B2EE-45A9-98DD-1755CC81EE43}.AppStore|iPhoneSimulator.Build.0 = Release|Any CPU
		{57841A83-B2EE-45A9-98DD-1755CC81EE43}.AppStore|x86.ActiveCfg = Release|Any CPU
		{57841A83-B2EE-45A9-98DD-1755CC81EE43}.AppStore|x86.Build.0 = Release|Any CPU
		{57841A83-B2EE-45A9-98DD-1755CC81EE43}.Debug|Any CPU.ActiveCfg = Debug|Any CPU
		{57841A83-B2EE-45A9-98DD-1755CC81EE43}.Debug|Any CPU.Build.0 = Debug|Any CPU
		{57841A83-B2EE-45A9-98DD-1755CC81EE43}.Debug|ARM.ActiveCfg = Debug|Any CPU
		{57841A83-B2EE-45A9-98DD-1755CC81EE43}.Debug|ARM.Build.0 = Debug|Any CPU
		{57841A83-B2EE-45A9-98DD-1755CC81EE43}.Debug|iPhone.ActiveCfg = Debug|Any CPU
		{57841A83-B2EE-45A9-98DD-1755CC81EE43}.Debug|iPhone.Build.0 = Debug|Any CPU
		{57841A83-B2EE-45A9-98DD-1755CC81EE43}.Debug|iPhoneSimulator.ActiveCfg = Debug|Any CPU
		{57841A83-B2EE-45A9-98DD-1755CC81EE43}.Debug|iPhoneSimulator.Build.0 = Debug|Any CPU
		{57841A83-B2EE-45A9-98DD-1755CC81EE43}.Debug|x86.ActiveCfg = Debug|Any CPU
		{57841A83-B2EE-45A9-98DD-1755CC81EE43}.Debug|x86.Build.0 = Debug|Any CPU
		{57841A83-B2EE-45A9-98DD-1755CC81EE43}.Release|Any CPU.ActiveCfg = Release|Any CPU
		{57841A83-B2EE-45A9-98DD-1755CC81EE43}.Release|Any CPU.Build.0 = Release|Any CPU
		{57841A83-B2EE-45A9-98DD-1755CC81EE43}.Release|ARM.ActiveCfg = Release|Any CPU
		{57841A83-B2EE-45A9-98DD-1755CC81EE43}.Release|ARM.Build.0 = Release|Any CPU
		{57841A83-B2EE-45A9-98DD-1755CC81EE43}.Release|iPhone.ActiveCfg = Release|Any CPU
		{57841A83-B2EE-45A9-98DD-1755CC81EE43}.Release|iPhone.Build.0 = Release|Any CPU
		{57841A83-B2EE-45A9-98DD-1755CC81EE43}.Release|iPhoneSimulator.ActiveCfg = Release|Any CPU
		{57841A83-B2EE-45A9-98DD-1755CC81EE43}.Release|iPhoneSimulator.Build.0 = Release|Any CPU
		{57841A83-B2EE-45A9-98DD-1755CC81EE43}.Release|x86.ActiveCfg = Release|Any CPU
		{57841A83-B2EE-45A9-98DD-1755CC81EE43}.Release|x86.Build.0 = Release|Any CPU
		{664538F3-CE0F-4FEB-BF61-79C205C59DA5}.Ad-Hoc|Any CPU.ActiveCfg = Release|Any CPU
		{664538F3-CE0F-4FEB-BF61-79C205C59DA5}.Ad-Hoc|Any CPU.Build.0 = Release|Any CPU
		{664538F3-CE0F-4FEB-BF61-79C205C59DA5}.Ad-Hoc|ARM.ActiveCfg = Release|Any CPU
		{664538F3-CE0F-4FEB-BF61-79C205C59DA5}.Ad-Hoc|ARM.Build.0 = Release|Any CPU
		{664538F3-CE0F-4FEB-BF61-79C205C59DA5}.Ad-Hoc|iPhone.ActiveCfg = Release|Any CPU
		{664538F3-CE0F-4FEB-BF61-79C205C59DA5}.Ad-Hoc|iPhone.Build.0 = Release|Any CPU
		{664538F3-CE0F-4FEB-BF61-79C205C59DA5}.Ad-Hoc|iPhoneSimulator.ActiveCfg = Release|Any CPU
		{664538F3-CE0F-4FEB-BF61-79C205C59DA5}.Ad-Hoc|iPhoneSimulator.Build.0 = Release|Any CPU
		{664538F3-CE0F-4FEB-BF61-79C205C59DA5}.Ad-Hoc|x86.ActiveCfg = Release|Any CPU
		{664538F3-CE0F-4FEB-BF61-79C205C59DA5}.Ad-Hoc|x86.Build.0 = Release|Any CPU
		{664538F3-CE0F-4FEB-BF61-79C205C59DA5}.AppStore|Any CPU.ActiveCfg = Release|Any CPU
		{664538F3-CE0F-4FEB-BF61-79C205C59DA5}.AppStore|Any CPU.Build.0 = Release|Any CPU
		{664538F3-CE0F-4FEB-BF61-79C205C59DA5}.AppStore|ARM.ActiveCfg = Release|Any CPU
		{664538F3-CE0F-4FEB-BF61-79C205C59DA5}.AppStore|ARM.Build.0 = Release|Any CPU
		{664538F3-CE0F-4FEB-BF61-79C205C59DA5}.AppStore|iPhone.ActiveCfg = Release|Any CPU
		{664538F3-CE0F-4FEB-BF61-79C205C59DA5}.AppStore|iPhone.Build.0 = Release|Any CPU
		{664538F3-CE0F-4FEB-BF61-79C205C59DA5}.AppStore|iPhoneSimulator.ActiveCfg = Release|Any CPU
		{664538F3-CE0F-4FEB-BF61-79C205C59DA5}.AppStore|iPhoneSimulator.Build.0 = Release|Any CPU
		{664538F3-CE0F-4FEB-BF61-79C205C59DA5}.AppStore|x86.ActiveCfg = Release|Any CPU
		{664538F3-CE0F-4FEB-BF61-79C205C59DA5}.AppStore|x86.Build.0 = Release|Any CPU
		{664538F3-CE0F-4FEB-BF61-79C205C59DA5}.Debug|Any CPU.ActiveCfg = Debug|Any CPU
		{664538F3-CE0F-4FEB-BF61-79C205C59DA5}.Debug|Any CPU.Build.0 = Debug|Any CPU
		{664538F3-CE0F-4FEB-BF61-79C205C59DA5}.Debug|ARM.ActiveCfg = Debug|Any CPU
		{664538F3-CE0F-4FEB-BF61-79C205C59DA5}.Debug|ARM.Build.0 = Debug|Any CPU
		{664538F3-CE0F-4FEB-BF61-79C205C59DA5}.Debug|iPhone.ActiveCfg = Debug|Any CPU
		{664538F3-CE0F-4FEB-BF61-79C205C59DA5}.Debug|iPhone.Build.0 = Debug|Any CPU
		{664538F3-CE0F-4FEB-BF61-79C205C59DA5}.Debug|iPhoneSimulator.ActiveCfg = Debug|Any CPU
		{664538F3-CE0F-4FEB-BF61-79C205C59DA5}.Debug|iPhoneSimulator.Build.0 = Debug|Any CPU
		{664538F3-CE0F-4FEB-BF61-79C205C59DA5}.Debug|x86.ActiveCfg = Debug|Any CPU
		{664538F3-CE0F-4FEB-BF61-79C205C59DA5}.Debug|x86.Build.0 = Debug|Any CPU
		{664538F3-CE0F-4FEB-BF61-79C205C59DA5}.Release|Any CPU.ActiveCfg = Release|Any CPU
		{664538F3-CE0F-4FEB-BF61-79C205C59DA5}.Release|Any CPU.Build.0 = Release|Any CPU
		{664538F3-CE0F-4FEB-BF61-79C205C59DA5}.Release|ARM.ActiveCfg = Release|Any CPU
		{664538F3-CE0F-4FEB-BF61-79C205C59DA5}.Release|ARM.Build.0 = Release|Any CPU
		{664538F3-CE0F-4FEB-BF61-79C205C59DA5}.Release|iPhone.ActiveCfg = Release|Any CPU
		{664538F3-CE0F-4FEB-BF61-79C205C59DA5}.Release|iPhone.Build.0 = Release|Any CPU
		{664538F3-CE0F-4FEB-BF61-79C205C59DA5}.Release|iPhoneSimulator.ActiveCfg = Release|Any CPU
		{664538F3-CE0F-4FEB-BF61-79C205C59DA5}.Release|iPhoneSimulator.Build.0 = Release|Any CPU
		{664538F3-CE0F-4FEB-BF61-79C205C59DA5}.Release|x86.ActiveCfg = Release|Any CPU
		{664538F3-CE0F-4FEB-BF61-79C205C59DA5}.Release|x86.Build.0 = Release|Any CPU
	EndGlobalSection
	GlobalSection(SolutionProperties) = preSolution
		HideSolutionNode = FALSE
	EndGlobalSection
EndGlobal
